
Microsoft Visual Studio Solution File, Format Version 12.00
# Visual Studio 15
VisualStudioVersion = 15.0.28307.1000
MinimumVisualStudioVersion = 10.0.40219.1
Project("{FAE04EC0-301F-11D3-BF4B-00C04F79EFBC}") = "MarketingPDFMerge", "WindowsFormsApp1\MarketingPDFMerge.csproj", "{B0D6F9FE-194A-4BF2-9875-1BA80422FEA4}"
EndProject
Global
	GlobalSection(SolutionConfigurationPlatforms) = preSolution
		Debug|Any CPU = Debug|Any CPU
		Release|Any CPU = Release|Any CPU
	EndGlobalSection
	GlobalSection(ProjectConfigurationPlatforms) = postSolution
		{B0D6F9FE-194A-4BF2-9875-1BA80422FEA4}.Debug|Any CPU.ActiveCfg = Debug|Any CPU
		{B0D6F9FE-194A-4BF2-9875-1BA80422FEA4}.Debug|Any CPU.Build.0 = Debug|Any CPU
		{B0D6F9FE-194A-4BF2-9875-1BA80422FEA4}.Release|Any CPU.ActiveCfg = Release|Any CPU
		{B0D6F9FE-194A-4BF2-9875-1BA80422FEA4}.Release|Any CPU.Build.0 = Release|Any CPU
	EndGlobalSection
	GlobalSection(SolutionProperties) = preSolution
		HideSolutionNode = FALSE
	EndGlobalSection
	GlobalSection(ExtensibilityGlobals) = postSolution
		SolutionGuid = {D140B91A-5A32-4545-AAE6-FE9D560DE437}
	EndGlobalSection
EndGlobal
